
Microsoft Visual Studio Solution File, Format Version 12.00
# Visual Studio Version 17
VisualStudioVersion = 17.14.36121.58 d17.14
MinimumVisualStudioVersion = 10.0.40219.1
Project("{FAE04EC0-301F-11D3-BF4B-00C04F79EFBC}") = "Datos.Aleatorios", "Datos.Aleatorios\Datos.Aleatorios.csproj", "{5CE2AD0F-FA80-4977-B2F8-C0CF9A93762C}"
EndProject
Global
	GlobalSection(SolutionConfigurationPlatforms) = preSolution
		Debug|Any CPU = Debug|Any CPU
		Release|Any CPU = Release|Any CPU
	EndGlobalSection
	GlobalSection(ProjectConfigurationPlatforms) = postSolution
		{5CE2AD0F-FA80-4977-B2F8-C0CF9A93762C}.Debug|Any CPU.ActiveCfg = Debug|Any CPU
		{5CE2AD0F-FA80-4977-B2F8-C0CF9A93762C}.Debug|Any CPU.Build.0 = Debug|Any CPU
		{5CE2AD0F-FA80-4977-B2F8-C0CF9A93762C}.Release|Any CPU.ActiveCfg = Release|Any CPU
		{5CE2AD0F-FA80-4977-B2F8-C0CF9A93762C}.Release|Any CPU.Build.0 = Release|Any CPU
	EndGlobalSection
	GlobalSection(SolutionProperties) = preSolution
		HideSolutionNode = FALSE
	EndGlobalSection
	GlobalSection(ExtensibilityGlobals) = postSolution
		SolutionGuid = {CC1D427D-0B11-4720-9249-783C74F92236}
	EndGlobalSection
EndGlobal
